[root]
name = "iron_llvm"
version = "0.0.1"
dependencies = [
 "llvm_sys 0.1.3 (registry+https://github.com/rust-lang/crates.io-index)",
]

[[package]]
name = "bitflags"
version = "0.1.1"
source = "registry+https://github.com/rust-lang/crates.io-index"

[[package]]
name = "libc"
version = "0.1.6"
source = "registry+https://github.com/rust-lang/crates.io-index"

[[package]]
name = "llvm_sys"
version = "0.1.3"
source = "registry+https://github.com/rust-lang/crates.io-index"
dependencies = [
 "bitflags 0.1.1 (registry+https://github.com/rust-lang/crates.io-index)",
 "libc 0.1.6 (registry+https://github.com/rust-lang/crates.io-index)",
 "semver 0.1.19 (registry+https://github.com/rust-lang/crates.io-index)",
]

[[package]]
name = "semver"
version = "0.1.19"
source = "registry+https://github.com/rust-lang/crates.io-index"

